
Microsoft Visual Studio Solution File, Format Version 12.00
# Visual Studio Version 16
VisualStudioVersion = 16.0.31402.337
MinimumVisualStudioVersion = 10.0.40219.1
Project("{FAE04EC0-301F-11D3-BF4B-00C04F79EFBC}") = "RestService", "RestService\RestService.csproj", "{95046225-9A50-410E-9B0D-86891CCEDD2D}"
EndProject
Global
	GlobalSection(SolutionConfigurationPlatforms) = preSolution
		Debug|Any CPU = Debug|Any CPU
		Release|Any CPU = Release|Any CPU
	EndGlobalSection
	GlobalSection(ProjectConfigurationPlatforms) = postSolution
		{95046225-9A50-410E-9B0D-86891CCEDD2D}.Debug|Any CPU.ActiveCfg = Debug|Any CPU
		{95046225-9A50-410E-9B0D-86891CCEDD2D}.Debug|Any CPU.Build.0 = Debug|Any CPU
		{95046225-9A50-410E-9B0D-86891CCEDD2D}.Release|Any CPU.ActiveCfg = Release|Any CPU
		{95046225-9A50-410E-9B0D-86891CCEDD2D}.Release|Any CPU.Build.0 = Release|Any CPU
	EndGlobalSection
	GlobalSection(SolutionProperties) = preSolution
		HideSolutionNode = FALSE
	EndGlobalSection
	GlobalSection(ExtensibilityGlobals) = postSolution
		SolutionGuid = {89C23F5C-C1D2-4724-81EE-9A1F3393D97B}
	EndGlobalSection
EndGlobal
